// !$*UTF8*$!
{
	archiveVersion = 1;
	classes = {
	};
	objectVersion = 56;
	objects = {

/* Begin PBXBuildFile section */
		BB715FB02A8E5E90004266A0 /* AppDelegate.swift in Sources */ = {isa = PBXBuildFile; fileRef = BB715FAF2A8E5E90004266A0 /* AppDelegate.swift */; };
		BB715FB92A8E5E93004266A0 /* Assets.xcassets in Resources */ = {isa = PBXBuildFile; fileRef = BB715FB82A8E5E93004266A0 /* Assets.xcassets */; };
		BB715FBC2A8E5E99004266A0 /* LaunchScreen.storyboard in Resources */ = {isa = PBXBuildFile; fileRef = BB715FBA2A8E5E99004266A0 /* LaunchScreen.storyboard */; };
		BB715FCB2A8E689E004266A0 /* CharacterSelectionViewController.swift in Sources */ = {isa = PBXBuildFile; fileRef = BB715FCA2A8E689E004266A0 /* CharacterSelectionViewController.swift */; };
		BB715FCD2A8E69B7004266A0 /* CharacterSelectionInput.swift in Sources */ = {isa = PBXBuildFile; fileRef = BB715FCC2A8E69B7004266A0 /* CharacterSelectionInput.swift */; };
		BB715FCF2A8E6A1E004266A0 /* CharacherSelectionOutput.swift in Sources */ = {isa = PBXBuildFile; fileRef = BB715FCE2A8E6A1E004266A0 /* CharacherSelectionOutput.swift */; };
		BB715FD12A8E6A44004266A0 /* CharacterSelectionPresenter.swift in Sources */ = {isa = PBXBuildFile; fileRef = BB715FD02A8E6A44004266A0 /* CharacterSelectionPresenter.swift */; };
		BB715FD42A8E6D90004266A0 /* CharacterSelectionAssembly.swift in Sources */ = {isa = PBXBuildFile; fileRef = BB715FD32A8E6D90004266A0 /* CharacterSelectionAssembly.swift */; };
		BB715FD72A8F4EA0004266A0 /* Extensions.swift in Sources */ = {isa = PBXBuildFile; fileRef = BB715FD62A8F4EA0004266A0 /* Extensions.swift */; };
		BB715FD92A8F5A7F004266A0 /* CharacterSelectionCell.swift in Sources */ = {isa = PBXBuildFile; fileRef = BB715FD82A8F5A7F004266A0 /* CharacterSelectionCell.swift */; };
		BB715FDB2A8FAB7F004266A0 /* Model.swift in Sources */ = {isa = PBXBuildFile; fileRef = BB715FDA2A8FAB7E004266A0 /* Model.swift */; };
		BB715FE02A9345BB004266A0 /* DetailsPresenter.swift in Sources */ = {isa = PBXBuildFile; fileRef = BB715FDF2A9345BB004266A0 /* DetailsPresenter.swift */; };
		BB715FE32A9345DD004266A0 /* DetailsViewController.swift in Sources */ = {isa = PBXBuildFile; fileRef = BB715FE22A9345DD004266A0 /* DetailsViewController.swift */; };
		BB715FE52A9345EB004266A0 /* DetailsInput.swift in Sources */ = {isa = PBXBuildFile; fileRef = BB715FE42A9345EB004266A0 /* DetailsInput.swift */; };
		BB715FE72A9345F7004266A0 /* DetailsOutput.swift in Sources */ = {isa = PBXBuildFile; fileRef = BB715FE62A9345F7004266A0 /* DetailsOutput.swift */; };
		BB715FE92A934703004266A0 /* DetailsAssembly.swift in Sources */ = {isa = PBXBuildFile; fileRef = BB715FE82A934703004266A0 /* DetailsAssembly.swift */; };
		BB715FEC2A9348A8004266A0 /* CharacherSelectionCoordinator.swift in Sources */ = {isa = PBXBuildFile; fileRef = BB715FEB2A9348A8004266A0 /* CharacherSelectionCoordinator.swift */; };
		BB715FEE2A9348F7004266A0 /* CharacterSelectionPresenterOutput.swift in Sources */ = {isa = PBXBuildFile; fileRef = BB715FED2A9348F7004266A0 /* CharacterSelectionPresenterOutput.swift */; };
		BB715FF02A935CFB004266A0 /* InfoView.swift in Sources */ = {isa = PBXBuildFile; fileRef = BB715FEF2A935CFA004266A0 /* InfoView.swift */; };
		BB715FF22A936910004266A0 /* OriginView.swift in Sources */ = {isa = PBXBuildFile; fileRef = BB715FF12A93690F004266A0 /* OriginView.swift */; };
		BB715FF42A938C3E004266A0 /* EpisodesCell.swift in Sources */ = {isa = PBXBuildFile; fileRef = BB715FF32A938C3E004266A0 /* EpisodesCell.swift */; };
		BB715FF72A94969E004266A0 /* NetworkService.swift in Sources */ = {isa = PBXBuildFile; fileRef = BB715FF62A94969E004266A0 /* NetworkService.swift */; };
		BB715FF92A9496B9004266A0 /* NetworkServiceProtocol.swift in Sources */ = {isa = PBXBuildFile; fileRef = BB715FF82A9496B9004266A0 /* NetworkServiceProtocol.swift */; };
/* End PBXBuildFile section */

/* Begin PBXFileReference section */
		BB715FAC2A8E5E90004266A0 /* Rick&Morty.app */ = {isa = PBXFileReference; explicitFileType = wrapper.application; includeInIndex = 0; path = "Rick&Morty.app"; sourceTree = BUILT_PRODUCTS_DIR; };
		BB715FAF2A8E5E90004266A0 /* AppDelegate.swift */ = {isa = PBXFileReference; lastKnownFileType = sourcecode.swift; path = AppDelegate.swift; sourceTree = "<group>"; };
		BB715FB82A8E5E93004266A0 /* Assets.xcassets */ = {isa = PBXFileReference; lastKnownFileType = folder.assetcatalog; path = Assets.xcassets; sourceTree = "<group>"; };
		BB715FBB2A8E5E99004266A0 /* Base */ = {isa = PBXFileReference; lastKnownFileType = file.storyboard; name = Base; path = Base.lproj/LaunchScreen.storyboard; sourceTree = "<group>"; };
		BB715FBD2A8E5E99004266A0 /* Info.plist */ = {isa = PBXFileReference; lastKnownFileType = text.plist.xml; path = Info.plist; sourceTree = "<group>"; };
		BB715FCA2A8E689E004266A0 /* CharacterSelectionViewController.swift */ = {isa = PBXFileReference; lastKnownFileType = sourcecode.swift; path = CharacterSelectionViewController.swift; sourceTree = "<group>"; };
		BB715FCC2A8E69B7004266A0 /* CharacterSelectionInput.swift */ = {isa = PBXFileReference; lastKnownFileType = sourcecode.swift; path = CharacterSelectionInput.swift; sourceTree = "<group>"; };
		BB715FCE2A8E6A1E004266A0 /* CharacherSelectionOutput.swift */ = {isa = PBXFileReference; lastKnownFileType = sourcecode.swift; path = CharacherSelectionOutput.swift; sourceTree = "<group>"; };
		BB715FD02A8E6A44004266A0 /* CharacterSelectionPresenter.swift */ = {isa = PBXFileReference; lastKnownFileType = sourcecode.swift; path = CharacterSelectionPresenter.swift; sourceTree = "<group>"; };
		BB715FD32A8E6D90004266A0 /* CharacterSelectionAssembly.swift */ = {isa = PBXFileReference; lastKnownFileType = sourcecode.swift; path = CharacterSelectionAssembly.swift; sourceTree = "<group>"; };
		BB715FD62A8F4EA0004266A0 /* Extensions.swift */ = {isa = PBXFileReference; lastKnownFileType = sourcecode.swift; path = Extensions.swift; sourceTree = "<group>"; };
		BB715FD82A8F5A7F004266A0 /* CharacterSelectionCell.swift */ = {isa = PBXFileReference; lastKnownFileType = sourcecode.swift; path = CharacterSelectionCell.swift; sourceTree = "<group>"; };
		BB715FDA2A8FAB7E004266A0 /* Model.swift */ = {isa = PBXFileReference; lastKnownFileType = sourcecode.swift; path = Model.swift; sourceTree = "<group>"; };
		BB715FDF2A9345BB004266A0 /* DetailsPresenter.swift */ = {isa = PBXFileReference; lastKnownFileType = sourcecode.swift; path = DetailsPresenter.swift; sourceTree = "<group>"; };
		BB715FE22A9345DD004266A0 /* DetailsViewController.swift */ = {isa = PBXFileReference; lastKnownFileType = sourcecode.swift; path = DetailsViewController.swift; sourceTree = "<group>"; };
		BB715FE42A9345EB004266A0 /* DetailsInput.swift */ = {isa = PBXFileReference; lastKnownFileType = sourcecode.swift; path = DetailsInput.swift; sourceTree = "<group>"; };
		BB715FE62A9345F7004266A0 /* DetailsOutput.swift */ = {isa = PBXFileReference; lastKnownFileType = sourcecode.swift; path = DetailsOutput.swift; sourceTree = "<group>"; };
		BB715FE82A934703004266A0 /* DetailsAssembly.swift */ = {isa = PBXFileReference; lastKnownFileType = sourcecode.swift; path = DetailsAssembly.swift; sourceTree = "<group>"; };
		BB715FEB2A9348A8004266A0 /* CharacherSelectionCoordinator.swift */ = {isa = PBXFileReference; lastKnownFileType = sourcecode.swift; path = CharacherSelectionCoordinator.swift; sourceTree = "<group>"; };
		BB715FED2A9348F7004266A0 /* CharacterSelectionPresenterOutput.swift */ = {isa = PBXFileReference; lastKnownFileType = sourcecode.swift; path = CharacterSelectionPresenterOutput.swift; sourceTree = "<group>"; };
		BB715FEF2A935CFA004266A0 /* InfoView.swift */ = {isa = PBXFileReference; lastKnownFileType = sourcecode.swift; path = InfoView.swift; sourceTree = "<group>"; };
		BB715FF12A93690F004266A0 /* OriginView.swift */ = {isa = PBXFileReference; lastKnownFileType = sourcecode.swift; path = OriginView.swift; sourceTree = "<group>"; };
		BB715FF32A938C3E004266A0 /* EpisodesCell.swift */ = {isa = PBXFileReference; lastKnownFileType = sourcecode.swift; path = EpisodesCell.swift; sourceTree = "<group>"; };
		BB715FF62A94969E004266A0 /* NetworkService.swift */ = {isa = PBXFileReference; lastKnownFileType = sourcecode.swift; path = NetworkService.swift; sourceTree = "<group>"; };
		BB715FF82A9496B9004266A0 /* NetworkServiceProtocol.swift */ = {isa = PBXFileReference; lastKnownFileType = sourcecode.swift; path = NetworkServiceProtocol.swift; sourceTree = "<group>"; };
/* End PBXFileReference section */

/* Begin PBXFrameworksBuildPhase section */
		BB715FA92A8E5E90004266A0 /* Frameworks */ = {
			isa = PBXFrameworksBuildPhase;
			buildActionMask = 2147483647;
			files = (
			);
			runOnlyForDeploymentPostprocessing = 0;
		};
/* End PBXFrameworksBuildPhase section */

/* Begin PBXGroup section */
		BB715FA32A8E5E90004266A0 = {
			isa = PBXGroup;
			children = (
				BB715FAE2A8E5E90004266A0 /* Rick&Morty */,
				BB715FAD2A8E5E90004266A0 /* Products */,
			);
			sourceTree = "<group>";
		};
		BB715FAD2A8E5E90004266A0 /* Products */ = {
			isa = PBXGroup;
			children = (
				BB715FAC2A8E5E90004266A0 /* Rick&Morty.app */,
			);
			name = Products;
			sourceTree = "<group>";
		};
		BB715FAE2A8E5E90004266A0 /* Rick&Morty */ = {
			isa = PBXGroup;
			children = (
				BB715FC92A8E67A3004266A0 /* App */,
				BB715FD22A8E6D75004266A0 /* Assembly */,
				BB715FEA2A93488F004266A0 /* Coordinator */,
				BB715FC52A8E6675004266A0 /* Model */,
				BB715FC32A8E6669004266A0 /* Presentetion */,
				BB715FF52A949679004266A0 /* Core */,
				BB715FD52A8F4E88004266A0 /* Utils */,
				BB715FBD2A8E5E99004266A0 /* Info.plist */,
			);
			path = "Rick&Morty";
			sourceTree = "<group>";
		};
		BB715FC32A8E6669004266A0 /* Presentetion */ = {
			isa = PBXGroup;
			children = (
				BB715FC62A8E6779004266A0 /* CharacterSelection */,
				BB715FDC2A934589004266A0 /* Details */,
			);
			path = Presentetion;
			sourceTree = "<group>";
		};
		BB715FC52A8E6675004266A0 /* Model */ = {
			isa = PBXGroup;
			children = (
				BB715FDA2A8FAB7E004266A0 /* Model.swift */,
			);
			path = Model;
			sourceTree = "<group>";
		};
		BB715FC62A8E6779004266A0 /* CharacterSelection */ = {
			isa = PBXGroup;
			children = (
				BB715FC82A8E6799004266A0 /* Presenter */,
				BB715FC72A8E6781004266A0 /* View */,
			);
			path = CharacterSelection;
			sourceTree = "<group>";
		};
		BB715FC72A8E6781004266A0 /* View */ = {
			isa = PBXGroup;
			children = (
				BB715FCA2A8E689E004266A0 /* CharacterSelectionViewController.swift */,
				BB715FCC2A8E69B7004266A0 /* CharacterSelectionInput.swift */,
				BB715FCE2A8E6A1E004266A0 /* CharacherSelectionOutput.swift */,
				BB715FD82A8F5A7F004266A0 /* CharacterSelectionCell.swift */,
			);
			path = View;
			sourceTree = "<group>";
		};
		BB715FC82A8E6799004266A0 /* Presenter */ = {
			isa = PBXGroup;
			children = (
				BB715FD02A8E6A44004266A0 /* CharacterSelectionPresenter.swift */,
				BB715FED2A9348F7004266A0 /* CharacterSelectionPresenterOutput.swift */,
			);
			path = Presenter;
			sourceTree = "<group>";
		};
		BB715FC92A8E67A3004266A0 /* App */ = {
			isa = PBXGroup;
			children = (
				BB715FAF2A8E5E90004266A0 /* AppDelegate.swift */,
				BB715FB82A8E5E93004266A0 /* Assets.xcassets */,
				BB715FBA2A8E5E99004266A0 /* LaunchScreen.storyboard */,
			);
			path = App;
			sourceTree = "<group>";
		};
		BB715FD22A8E6D75004266A0 /* Assembly */ = {
			isa = PBXGroup;
			children = (
				BB715FD32A8E6D90004266A0 /* CharacterSelectionAssembly.swift */,
				BB715FE82A934703004266A0 /* DetailsAssembly.swift */,
			);
			path = Assembly;
			sourceTree = "<group>";
		};
		BB715FD52A8F4E88004266A0 /* Utils */ = {
			isa = PBXGroup;
			children = (
				BB715FD62A8F4EA0004266A0 /* Extensions.swift */,
			);
			path = Utils;
			sourceTree = "<group>";
		};
		BB715FDC2A934589004266A0 /* Details */ = {
			isa = PBXGroup;
			children = (
				BB715FDE2A9345A6004266A0 /* Presenter */,
				BB715FDD2A9345A2004266A0 /* View */,
			);
			path = Details;
			sourceTree = "<group>";
		};
		BB715FDD2A9345A2004266A0 /* View */ = {
			isa = PBXGroup;
			children = (
				BB715FE22A9345DD004266A0 /* DetailsViewController.swift */,
				BB715FE42A9345EB004266A0 /* DetailsInput.swift */,
				BB715FE62A9345F7004266A0 /* DetailsOutput.swift */,
				BB715FEF2A935CFA004266A0 /* InfoView.swift */,
				BB715FF12A93690F004266A0 /* OriginView.swift */,
				BB715FF32A938C3E004266A0 /* EpisodesCell.swift */,
			);
			path = View;
			sourceTree = "<group>";
		};
		BB715FDE2A9345A6004266A0 /* Presenter */ = {
			isa = PBXGroup;
			children = (
				BB715FDF2A9345BB004266A0 /* DetailsPresenter.swift */,
			);
			path = Presenter;
			sourceTree = "<group>";
		};
		BB715FEA2A93488F004266A0 /* Coordinator */ = {
			isa = PBXGroup;
			children = (
				BB715FEB2A9348A8004266A0 /* CharacherSelectionCoordinator.swift */,
			);
			path = Coordinator;
			sourceTree = "<group>";
		};
		BB715FF52A949679004266A0 /* Core */ = {
			isa = PBXGroup;
			children = (
				BB715FF62A94969E004266A0 /* NetworkService.swift */,
				BB715FF82A9496B9004266A0 /* NetworkServiceProtocol.swift */,
			);
			path = Core;
			sourceTree = "<group>";
		};
/* End PBXGroup section */

/* Begin PBXNativeTarget section */
		BB715FAB2A8E5E90004266A0 /* Rick&Morty */ = {
			isa = PBXNativeTarget;
			buildConfigurationList = BB715FC02A8E5E99004266A0 /* Build configuration list for PBXNativeTarget "Rick&Morty" */;
			buildPhases = (
				BB715FA82A8E5E90004266A0 /* Sources */,
				BB715FA92A8E5E90004266A0 /* Frameworks */,
				BB715FAA2A8E5E90004266A0 /* Resources */,
			);
			buildRules = (
			);
			dependencies = (
			);
			name = "Rick&Morty";
			productName = "Rick&Morty";
			productReference = BB715FAC2A8E5E90004266A0 /* Rick&Morty.app */;
			productType = "com.apple.product-type.application";
		};
/* End PBXNativeTarget section */

/* Begin PBXProject section */
		BB715FA42A8E5E90004266A0 /* Project object */ = {
			isa = PBXProject;
			attributes = {
				BuildIndependentTargetsInParallel = 1;
				LastSwiftUpdateCheck = 1420;
				LastUpgradeCheck = 1420;
				TargetAttributes = {
					BB715FAB2A8E5E90004266A0 = {
						CreatedOnToolsVersion = 14.2;
					};
				};
			};
			buildConfigurationList = BB715FA72A8E5E90004266A0 /* Build configuration list for PBXProject "Rick&Morty" */;
			compatibilityVersion = "Xcode 14.0";
			developmentRegion = en;
			hasScannedForEncodings = 0;
			knownRegions = (
				en,
				Base,
			);
			mainGroup = BB715FA32A8E5E90004266A0;
			productRefGroup = BB715FAD2A8E5E90004266A0 /* Products */;
			projectDirPath = "";
			projectRoot = "";
			targets = (
				BB715FAB2A8E5E90004266A0 /* Rick&Morty */,
			);
		};
/* End PBXProject section */

/* Begin PBXResourcesBuildPhase section */
		BB715FAA2A8E5E90004266A0 /* Resources */ = {
			isa = PBXResourcesBuildPhase;
			buildActionMask = 2147483647;
			files = (
				BB715FBC2A8E5E99004266A0 /* LaunchScreen.storyboard in Resources */,
				BB715FB92A8E5E93004266A0 /* Assets.xcassets in Resources */,
			);
			runOnlyForDeploymentPostprocessing = 0;
		};
/* End PBXResourcesBuildPhase section */

/* Begin PBXSourcesBuildPhase section */
		BB715FA82A8E5E90004266A0 /* Sources */ = {
			isa = PBXSourcesBuildPhase;
			buildActionMask = 2147483647;
			files = (
				BB715FDB2A8FAB7F004266A0 /* Model.swift in Sources */,
				BB715FB02A8E5E90004266A0 /* AppDelegate.swift in Sources */,
				BB715FD72A8F4EA0004266A0 /* Extensions.swift in Sources */,
				BB715FE32A9345DD004266A0 /* DetailsViewController.swift in Sources */,
				BB715FF02A935CFB004266A0 /* InfoView.swift in Sources */,
				BB715FD92A8F5A7F004266A0 /* CharacterSelectionCell.swift in Sources */,
				BB715FD12A8E6A44004266A0 /* CharacterSelectionPresenter.swift in Sources */,
				BB715FCF2A8E6A1E004266A0 /* CharacherSelectionOutput.swift in Sources */,
				BB715FE72A9345F7004266A0 /* DetailsOutput.swift in Sources */,
				BB715FE92A934703004266A0 /* DetailsAssembly.swift in Sources */,
				BB715FF72A94969E004266A0 /* NetworkService.swift in Sources */,
				BB715FF22A936910004266A0 /* OriginView.swift in Sources */,
				BB715FE52A9345EB004266A0 /* DetailsInput.swift in Sources */,
				BB715FCD2A8E69B7004266A0 /* CharacterSelectionInput.swift in Sources */,
				BB715FE02A9345BB004266A0 /* DetailsPresenter.swift in Sources */,
				BB715FD42A8E6D90004266A0 /* CharacterSelectionAssembly.swift in Sources */,
				BB715FCB2A8E689E004266A0 /* CharacterSelectionViewController.swift in Sources */,
				BB715FF92A9496B9004266A0 /* NetworkServiceProtocol.swift in Sources */,
				BB715FEE2A9348F7004266A0 /* CharacterSelectionPresenterOutput.swift in Sources */,
				BB715FF42A938C3E004266A0 /* EpisodesCell.swift in Sources */,
				BB715FEC2A9348A8004266A0 /* CharacherSelectionCoordinator.swift in Sources */,
			);
			runOnlyForDeploymentPostprocessing = 0;
		};
/* End PBXSourcesBuildPhase section */

/* Begin PBXVariantGroup section */
		BB715FBA2A8E5E99004266A0 /* LaunchScreen.storyboard */ = {
			isa = PBXVariantGroup;
			children = (
				BB715FBB2A8E5E99004266A0 /* Base */,
			);
			name = LaunchScreen.storyboard;
			sourceTree = "<group>";
		};
/* End PBXVariantGroup section */

/* Begin XCBuildConfiguration section */
		BB715FBE2A8E5E99004266A0 /* Debug */ = {
			isa = XCBuildConfiguration;
			buildSettings = {
				ALWAYS_SEARCH_USER_PATHS = NO;
				CLANG_ANALYZER_NONNULL = YES;
				CLANG_ANALYZER_NUMBER_OBJECT_CONVERSION = YES_AGGRESSIVE;
				CLANG_CXX_LANGUAGE_STANDARD = "gnu++20";
				CLANG_ENABLE_MODULES = YES;
				CLANG_ENABLE_OBJC_ARC = YES;
				CLANG_ENABLE_OBJC_WEAK = YES;
				CLANG_WARN_BLOCK_CAPTURE_AUTORELEASING = YES;
				CLANG_WARN_BOOL_CONVERSION = YES;
				CLANG_WARN_COMMA = YES;
				CLANG_WARN_CONSTANT_CONVERSION = YES;
				CLANG_WARN_DEPRECATED_OBJC_IMPLEMENTATIONS = YES;
				CLANG_WARN_DIRECT_OBJC_ISA_USAGE = YES_ERROR;
				CLANG_WARN_DOCUMENTATION_COMMENTS = YES;
				CLANG_WARN_EMPTY_BODY = YES;
				CLANG_WARN_ENUM_CONVERSION = YES;
				CLANG_WARN_INFINITE_RECURSION = YES;
				CLANG_WARN_INT_CONVERSION = YES;
				CLANG_WARN_NON_LITERAL_NULL_CONVERSION = YES;
				CLANG_WARN_OBJC_IMPLICIT_RETAIN_SELF = YES;
				CLANG_WARN_OBJC_LITERAL_CONVERSION = YES;
				CLANG_WARN_OBJC_ROOT_CLASS = YES_ERROR;
				CLANG_WARN_QUOTED_INCLUDE_IN_FRAMEWORK_HEADER = YES;
				CLANG_WARN_RANGE_LOOP_ANALYSIS = YES;
				CLANG_WARN_STRICT_PROTOTYPES = YES;
				CLANG_WARN_SUSPICIOUS_MOVE = YES;
				CLANG_WARN_UNGUARDED_AVAILABILITY = YES_AGGRESSIVE;
				CLANG_WARN_UNREACHABLE_CODE = YES;
				CLANG_WARN__DUPLICATE_METHOD_MATCH = YES;
				COPY_PHASE_STRIP = NO;
				DEBUG_INFORMATION_FORMAT = dwarf;
				ENABLE_STRICT_OBJC_MSGSEND = YES;
				ENABLE_TESTABILITY = YES;
				GCC_C_LANGUAGE_STANDARD = gnu11;
				GCC_DYNAMIC_NO_PIC = NO;
				GCC_NO_COMMON_BLOCKS = YES;
				GCC_OPTIMIZATION_LEVEL = 0;
				GCC_PREPROCESSOR_DEFINITIONS = (
					"DEBUG=1",
					"$(inherited)",
				);
				GCC_WARN_64_TO_32_BIT_CONVERSION = YES;
				GCC_WARN_ABOUT_RETURN_TYPE = YES_ERROR;
				GCC_WARN_UNDECLARED_SELECTOR = YES;
				GCC_WARN_UNINITIALIZED_AUTOS = YES_AGGRESSIVE;
				GCC_WARN_UNUSED_FUNCTION = YES;
				GCC_WARN_UNUSED_VARIABLE = YES;
				IPHONEOS_DEPLOYMENT_TARGET = 14.0;
				MTL_ENABLE_DEBUG_INFO = INCLUDE_SOURCE;
				MTL_FAST_MATH = YES;
				ONLY_ACTIVE_ARCH = YES;
				SDKROOT = iphoneos;
				SWIFT_ACTIVE_COMPILATION_CONDITIONS = DEBUG;
				SWIFT_OPTIMIZATION_LEVEL = "-Onone";
			};
			name = Debug;
		};
		BB715FBF2A8E5E99004266A0 /* Release */ = {
			isa = XCBuildConfiguration;
			buildSettings = {
				ALWAYS_SEARCH_USER_PATHS = NO;
				CLANG_ANALYZER_NONNULL = YES;
				CLANG_ANALYZER_NUMBER_OBJECT_CONVERSION = YES_AGGRESSIVE;
				CLANG_CXX_LANGUAGE_STANDARD = "gnu++20";
				CLANG_ENABLE_MODULES = YES;
				CLANG_ENABLE_OBJC_ARC = YES;
				CLANG_ENABLE_OBJC_WEAK = YES;
				CLANG_WARN_BLOCK_CAPTURE_AUTORELEASING = YES;
				CLANG_WARN_BOOL_CONVERSION = YES;
				CLANG_WARN_COMMA = YES;
				CLANG_WARN_CONSTANT_CONVERSION = YES;
				CLANG_WARN_DEPRECATED_OBJC_IMPLEMENTATIONS = YES;
				CLANG_WARN_DIRECT_OBJC_ISA_USAGE = YES_ERROR;
				CLANG_WARN_DOCUMENTATION_COMMENTS = YES;
				CLANG_WARN_EMPTY_BODY = YES;
				CLANG_WARN_ENUM_CONVERSION = YES;
				CLANG_WARN_INFINITE_RECURSION = YES;
				CLANG_WARN_INT_CONVERSION = YES;
				CLANG_WARN_NON_LITERAL_NULL_CONVERSION = YES;
				CLANG_WARN_OBJC_IMPLICIT_RETAIN_SELF = YES;
				CLANG_WARN_OBJC_LITERAL_CONVERSION = YES;
				CLANG_WARN_OBJC_ROOT_CLASS = YES_ERROR;
				CLANG_WARN_QUOTED_INCLUDE_IN_FRAMEWORK_HEADER = YES;
				CLANG_WARN_RANGE_LOOP_ANALYSIS = YES;
				CLANG_WARN_STRICT_PROTOTYPES = YES;
				CLANG_WARN_SUSPICIOUS_MOVE = YES;
				CLANG_WARN_UNGUARDED_AVAILABILITY = YES_AGGRESSIVE;
				CLANG_WARN_UNREACHABLE_CODE = YES;
				CLANG_WARN__DUPLICATE_METHOD_MATCH = YES;
				COPY_PHASE_STRIP = NO;
				DEBUG_INFORMATION_FORMAT = "dwarf-with-dsym";
				ENABLE_NS_ASSERTIONS = NO;
				ENABLE_STRICT_OBJC_MSGSEND = YES;
				GCC_C_LANGUAGE_STANDARD = gnu11;
				GCC_NO_COMMON_BLOCKS = YES;
				GCC_WARN_64_TO_32_BIT_CONVERSION = YES;
				GCC_WARN_ABOUT_RETURN_TYPE = YES_ERROR;
				GCC_WARN_UNDECLARED_SELECTOR = YES;
				GCC_WARN_UNINITIALIZED_AUTOS = YES_AGGRESSIVE;
				GCC_WARN_UNUSED_FUNCTION = YES;
				GCC_WARN_UNUSED_VARIABLE = YES;
				IPHONEOS_DEPLOYMENT_TARGET = 14.0;
				MTL_ENABLE_DEBUG_INFO = NO;
				MTL_FAST_MATH = YES;
				SDKROOT = iphoneos;
				SWIFT_COMPILATION_MODE = wholemodule;
				SWIFT_OPTIMIZATION_LEVEL = "-O";
				VALIDATE_PRODUCT = YES;
			};
			name = Release;
		};
		BB715FC12A8E5E99004266A0 /* Debug */ = {
			isa = XCBuildConfiguration;
			buildSettings = {
				ASSETCATALOG_COMPILER_APPICON_NAME = AppIcon;
				ASSETCATALOG_COMPILER_GLOBAL_ACCENT_COLOR_NAME = AccentColor;
				CODE_SIGN_STYLE = Automatic;
				CURRENT_PROJECT_VERSION = 1;
				DEVELOPMENT_TEAM = 4G4D5WHAZT;
				GENERATE_INFOPLIST_FILE = YES;
				INFOPLIST_FILE = "Rick&Morty/Info.plist";
				INFOPLIST_KEY_UIApplicationSupportsIndirectInputEvents = YES;
				INFOPLIST_KEY_UILaunchStoryboardName = LaunchScreen;
				INFOPLIST_KEY_UIStatusBarStyle = UIStatusBarStyleLightContent;
				INFOPLIST_KEY_UISupportedInterfaceOrientations = UIInterfaceOrientationPortrait;
				IPHONEOS_DEPLOYMENT_TARGET = 14.0;
				LD_RUNPATH_SEARCH_PATHS = (
					"$(inherited)",
					"@executable_path/Frameworks",
				);
				MARKETING_VERSION = 1.0;
				PRODUCT_BUNDLE_IDENTIFIER = "local.Rick-Morty";
				PRODUCT_NAME = "$(TARGET_NAME)";
				SUPPORTED_PLATFORMS = "iphoneos iphonesimulator";
				SUPPORTS_MACCATALYST = NO;
				SUPPORTS_MAC_DESIGNED_FOR_IPHONE_IPAD = NO;
				SWIFT_EMIT_LOC_STRINGS = YES;
				SWIFT_VERSION = 5.0;
				TARGETED_DEVICE_FAMILY = 1;
			};
			name = Debug;
		};
		BB715FC22A8E5E99004266A0 /* Release */ = {
			isa = XCBuildConfiguration;
			buildSettings = {
				ASSETCATALOG_COMPILER_APPICON_NAME = AppIcon;
				ASSETCATALOG_COMPILER_GLOBAL_ACCENT_COLOR_NAME = AccentColor;
				CODE_SIGN_STYLE = Automatic;
				CURRENT_PROJECT_VERSION = 1;
				DEVELOPMENT_TEAM = 4G4D5WHAZT;
				GENERATE_INFOPLIST_FILE = YES;
				INFOPLIST_FILE = "Rick&Morty/Info.plist";
				INFOPLIST_KEY_UIApplicationSupportsIndirectInputEvents = YES;
				INFOPLIST_KEY_UILaunchStoryboardName = LaunchScreen;
				INFOPLIST_KEY_UIStatusBarStyle = UIStatusBarStyleLightContent;
				INFOPLIST_KEY_UISupportedInterfaceOrientations = UIInterfaceOrientationPortrait;
				IPHONEOS_DEPLOYMENT_TARGET = 14.0;
				LD_RUNPATH_SEARCH_PATHS = (
					"$(inherited)",
					"@executable_path/Frameworks",
				);
				MARKETING_VERSION = 1.0;
				PRODUCT_BUNDLE_IDENTIFIER = "local.Rick-Morty";
				PRODUCT_NAME = "$(TARGET_NAME)";
				SUPPORTED_PLATFORMS = "iphoneos iphonesimulator";
				SUPPORTS_MACCATALYST = NO;
				SUPPORTS_MAC_DESIGNED_FOR_IPHONE_IPAD = NO;
				SWIFT_EMIT_LOC_STRINGS = YES;
				SWIFT_VERSION = 5.0;
				TARGETED_DEVICE_FAMILY = 1;
			};
			name = Release;
		};
/* End XCBuildConfiguration section */

/* Begin XCConfigurationList section */
		BB715FA72A8E5E90004266A0 /* Build configuration list for PBXProject "Rick&Morty" */ = {
			isa = XCConfigurationList;
			buildConfigurations = (
				BB715FBE2A8E5E99004266A0 /* Debug */,
				BB715FBF2A8E5E99004266A0 /* Release */,
			);
			defaultConfigurationIsVisible = 0;
			defaultConfigurationName = Release;
		};
		BB715FC02A8E5E99004266A0 /* Build configuration list for PBXNativeTarget "Rick&Morty" */ = {
			isa = XCConfigurationList;
			buildConfigurations = (
				BB715FC12A8E5E99004266A0 /* Debug */,
				BB715FC22A8E5E99004266A0 /* Release */,
			);
			defaultConfigurationIsVisible = 0;
			defaultConfigurationName = Release;
		};
/* End XCConfigurationList section */
	};
	rootObject = BB715FA42A8E5E90004266A0 /* Project object */;
}
